
Microsoft Visual Studio Solution File, Format Version 12.00
# Visual Studio Version 17
VisualStudioVersion = 17.14.36203.30
MinimumVisualStudioVersion = 10.0.40219.1
Project("{FAE04EC0-301F-11D3-BF4B-00C04F79EFBC}") = "WebApplication2", "WebApplication2\WebApplication2.csproj", "{2376D804-A63D-41C4-86B4-482441914A2C}"
EndProject
Project("{FAE04EC0-301F-11D3-BF4B-00C04F79EFBC}") = "WebApplication2.Configuration", "WebApplication2.Configuration\WebApplication2.Configuration.csproj", "{A72441AF-86E8-42DB-9689-E804DD14694B}"
EndProject
Project("{FAE04EC0-301F-11D3-BF4B-00C04F79EFBC}") = "WebApplication2.Core", "WebApplication2.Core\WebApplication2.Core.csproj", "{EEE1F605-EB39-4943-837B-E9F8B0F3631C}"
EndProject
Project("{FAE04EC0-301F-11D3-BF4B-00C04F79EFBC}") = "WebApplication2.Data", "WebApplication2.Data\WebApplication2.Data.csproj", "{C5A4063B-3BF7-49B6-86C5-A34C823871D7}"
EndProject
Project("{FAE04EC0-301F-11D3-BF4B-00C04F79EFBC}") = "WebApplication2.Services", "WebApplication2.Services\WebApplication2.Services.csproj", "{C950CD5C-12B6-443B-B9C4-D12B5E97F515}"
EndProject
Project("{FAE04EC0-301F-11D3-BF4B-00C04F79EFBC}") = "WebApplication2.Tests.Unit", "WebApplication2.Tests.Unit\WebApplication2.Tests.Unit.csproj", "{1D322989-F4F0-41B4-9271-A73B9E0CD1EC}"
EndProject
Global
	GlobalSection(SolutionConfigurationPlatforms) = preSolution
		Debug|Any CPU = Debug|Any CPU
		Debug|x64 = Debug|x64
		Debug|x86 = Debug|x86
		Release|Any CPU = Release|Any CPU
		Release|x64 = Release|x64
		Release|x86 = Release|x86
	EndGlobalSection
	GlobalSection(ProjectConfigurationPlatforms) = postSolution
		{2376D804-A63D-41C4-86B4-482441914A2C}.Debug|Any CPU.ActiveCfg = Debug|Any CPU
		{2376D804-A63D-41C4-86B4-482441914A2C}.Debug|Any CPU.Build.0 = Debug|Any CPU
		{2376D804-A63D-41C4-86B4-482441914A2C}.Debug|x64.ActiveCfg = Debug|Any CPU
		{2376D804-A63D-41C4-86B4-482441914A2C}.Debug|x64.Build.0 = Debug|Any CPU
		{2376D804-A63D-41C4-86B4-482441914A2C}.Debug|x86.ActiveCfg = Debug|Any CPU
		{2376D804-A63D-41C4-86B4-482441914A2C}.Debug|x86.Build.0 = Debug|Any CPU
		{2376D804-A63D-41C4-86B4-482441914A2C}.Release|Any CPU.ActiveCfg = Release|Any CPU
		{2376D804-A63D-41C4-86B4-482441914A2C}.Release|Any CPU.Build.0 = Release|Any CPU
		{2376D804-A63D-41C4-86B4-482441914A2C}.Release|x64.ActiveCfg = Release|Any CPU
		{2376D804-A63D-41C4-86B4-482441914A2C}.Release|x64.Build.0 = Release|Any CPU
		{2376D804-A63D-41C4-86B4-482441914A2C}.Release|x86.ActiveCfg = Release|Any CPU
		{2376D804-A63D-41C4-86B4-482441914A2C}.Release|x86.Build.0 = Release|Any CPU
		{A72441AF-86E8-42DB-9689-E804DD14694B}.Debug|Any CPU.ActiveCfg = Debug|Any CPU
		{A72441AF-86E8-42DB-9689-E804DD14694B}.Debug|Any CPU.Build.0 = Debug|Any CPU
		{A72441AF-86E8-42DB-9689-E804DD14694B}.Debug|x64.ActiveCfg = Debug|Any CPU
		{A72441AF-86E8-42DB-9689-E804DD14694B}.Debug|x64.Build.0 = Debug|Any CPU
		{A72441AF-86E8-42DB-9689-E804DD14694B}.Debug|x86.ActiveCfg = Debug|Any CPU
		{A72441AF-86E8-42DB-9689-E804DD14694B}.Debug|x86.Build.0 = Debug|Any CPU
		{A72441AF-86E8-42DB-9689-E804DD14694B}.Release|Any CPU.ActiveCfg = Release|Any CPU
		{A72441AF-86E8-42DB-9689-E804DD14694B}.Release|Any CPU.Build.0 = Release|Any CPU
		{A72441AF-86E8-42DB-9689-E804DD14694B}.Release|x64.ActiveCfg = Release|Any CPU
		{A72441AF-86E8-42DB-9689-E804DD14694B}.Release|x64.Build.0 = Release|Any CPU
		{A72441AF-86E8-42DB-9689-E804DD14694B}.Release|x86.ActiveCfg = Release|Any CPU
		{A72441AF-86E8-42DB-9689-E804DD14694B}.Release|x86.Build.0 = Release|Any CPU
		{EEE1F605-EB39-4943-837B-E9F8B0F3631C}.Debug|Any CPU.ActiveCfg = Debug|Any CPU
		{EEE1F605-EB39-4943-837B-E9F8B0F3631C}.Debug|Any CPU.Build.0 = Debug|Any CPU
		{EEE1F605-EB39-4943-837B-E9F8B0F3631C}.Debug|x64.ActiveCfg = Debug|Any CPU
		{EEE1F605-EB39-4943-837B-E9F8B0F3631C}.Debug|x64.Build.0 = Debug|Any CPU
		{EEE1F605-EB39-4943-837B-E9F8B0F3631C}.Debug|x86.ActiveCfg = Debug|Any CPU
		{EEE1F605-EB39-4943-837B-E9F8B0F3631C}.Debug|x86.Build.0 = Debug|Any CPU
		{EEE1F605-EB39-4943-837B-E9F8B0F3631C}.Release|Any CPU.ActiveCfg = Release|Any CPU
		{EEE1F605-EB39-4943-837B-E9F8B0F3631C}.Release|Any CPU.Build.0 = Release|Any CPU
		{EEE1F605-EB39-4943-837B-E9F8B0F3631C}.Release|x64.ActiveCfg = Release|Any CPU
		{EEE1F605-EB39-4943-837B-E9F8B0F3631C}.Release|x64.Build.0 = Release|Any CPU
		{EEE1F605-EB39-4943-837B-E9F8B0F3631C}.Release|x86.ActiveCfg = Release|Any CPU
		{EEE1F605-EB39-4943-837B-E9F8B0F3631C}.Release|x86.Build.0 = Release|Any CPU
		{C5A4063B-3BF7-49B6-86C5-A34C823871D7}.Debug|Any CPU.ActiveCfg = Debug|Any CPU
		{C5A4063B-3BF7-49B6-86C5-A34C823871D7}.Debug|Any CPU.Build.0 = Debug|Any CPU
		{C5A4063B-3BF7-49B6-86C5-A34C823871D7}.Debug|x64.ActiveCfg = Debug|Any CPU
		{C5A4063B-3BF7-49B6-86C5-A34C823871D7}.Debug|x64.Build.0 = Debug|Any CPU
		{C5A4063B-3BF7-49B6-86C5-A34C823871D7}.Debug|x86.ActiveCfg = Debug|Any CPU
		{C5A4063B-3BF7-49B6-86C5-A34C823871D7}.Debug|x86.Build.0 = Debug|Any CPU
		{C5A4063B-3BF7-49B6-86C5-A34C823871D7}.Release|Any CPU.ActiveCfg = Release|Any CPU
		{C5A4063B-3BF7-49B6-86C5-A34C823871D7}.Release|Any CPU.Build.0 = Release|Any CPU
		{C5A4063B-3BF7-49B6-86C5-A34C823871D7}.Release|x64.ActiveCfg = Release|Any CPU
		{C5A4063B-3BF7-49B6-86C5-A34C823871D7}.Release|x64.Build.0 = Release|Any CPU
		{C5A4063B-3BF7-49B6-86C5-A34C823871D7}.Release|x86.ActiveCfg = Release|Any CPU
		{C5A4063B-3BF7-49B6-86C5-A34C823871D7}.Release|x86.Build.0 = Release|Any CPU
		{C950CD5C-12B6-443B-B9C4-D12B5E97F515}.Debug|Any CPU.ActiveCfg = Debug|Any CPU
		{C950CD5C-12B6-443B-B9C4-D12B5E97F515}.Debug|Any CPU.Build.0 = Debug|Any CPU
		{C950CD5C-12B6-443B-B9C4-D12B5E97F515}.Debug|x64.ActiveCfg = Debug|Any CPU
		{C950CD5C-12B6-443B-B9C4-D12B5E97F515}.Debug|x64.Build.0 = Debug|Any CPU
		{C950CD5C-12B6-443B-B9C4-D12B5E97F515}.Debug|x86.ActiveCfg = Debug|Any CPU
		{C950CD5C-12B6-443B-B9C4-D12B5E97F515}.Debug|x86.Build.0 = Debug|Any CPU
		{C950CD5C-12B6-443B-B9C4-D12B5E97F515}.Release|Any CPU.ActiveCfg = Release|Any CPU
		{C950CD5C-12B6-443B-B9C4-D12B5E97F515}.Release|Any CPU.Build.0 = Release|Any CPU
		{C950CD5C-12B6-443B-B9C4-D12B5E97F515}.Release|x64.ActiveCfg = Release|Any CPU
		{C950CD5C-12B6-443B-B9C4-D12B5E97F515}.Release|x64.Build.0 = Release|Any CPU
		{C950CD5C-12B6-443B-B9C4-D12B5E97F515}.Release|x86.ActiveCfg = Release|Any CPU
		{C950CD5C-12B6-443B-B9C4-D12B5E97F515}.Release|x86.Build.0 = Release|Any CPU
		{1D322989-F4F0-41B4-9271-A73B9E0CD1EC}.Debug|Any CPU.ActiveCfg = Debug|Any CPU
		{1D322989-F4F0-41B4-9271-A73B9E0CD1EC}.Debug|Any CPU.Build.0 = Debug|Any CPU
		{1D322989-F4F0-41B4-9271-A73B9E0CD1EC}.Debug|x64.ActiveCfg = Debug|Any CPU
		{1D322989-F4F0-41B4-9271-A73B9E0CD1EC}.Debug|x64.Build.0 = Debug|Any CPU
		{1D322989-F4F0-41B4-9271-A73B9E0CD1EC}.Debug|x86.ActiveCfg = Debug|Any CPU
		{1D322989-F4F0-41B4-9271-A73B9E0CD1EC}.Debug|x86.Build.0 = Debug|Any CPU
		{1D322989-F4F0-41B4-9271-A73B9E0CD1EC}.Release|Any CPU.ActiveCfg = Release|Any CPU
		{1D322989-F4F0-41B4-9271-A73B9E0CD1EC}.Release|Any CPU.Build.0 = Release|Any CPU
		{1D322989-F4F0-41B4-9271-A73B9E0CD1EC}.Release|x64.ActiveCfg = Release|Any CPU
		{1D322989-F4F0-41B4-9271-A73B9E0CD1EC}.Release|x64.Build.0 = Release|Any CPU
		{1D322989-F4F0-41B4-9271-A73B9E0CD1EC}.Release|x86.ActiveCfg = Release|Any CPU
		{1D322989-F4F0-41B4-9271-A73B9E0CD1EC}.Release|x86.Build.0 = Release|Any CPU
	EndGlobalSection
	GlobalSection(SolutionProperties) = preSolution
		HideSolutionNode = FALSE
	EndGlobalSection
	GlobalSection(ExtensibilityGlobals) = postSolution
		SolutionGuid = {A99C29DA-FC65-4778-A427-6887F2766C43}
	EndGlobalSection
EndGlobal
